
Microsoft Visual Studio Solution File, Format Version 12.00
# Visual Studio Version 16
VisualStudioVersion = 16.0.31005.135
MinimumVisualStudioVersion = 10.0.40219.1
Project("{FAE04EC0-301F-11D3-BF4B-00C04F79EFBC}") = "volatile1", "volatile1\volatile1.csproj", "{273A55ED-E44D-457F-A538-9ED7A4339C13}"
EndProject
Project("{FAE04EC0-301F-11D3-BF4B-00C04F79EFBC}") = "volatile2", "volatile2\volatile2.csproj", "{C5CBB6D0-3BAD-4F16-9C0F-F5D880A1EF15}"
EndProject
Global
	GlobalSection(SolutionConfigurationPlatforms) = preSolution
		Debug|Any CPU = Debug|Any CPU
		Release|Any CPU = Release|Any CPU
	EndGlobalSection
	GlobalSection(ProjectConfigurationPlatforms) = postSolution
		{273A55ED-E44D-457F-A538-9ED7A4339C13}.Debug|Any CPU.ActiveCfg = Debug|Any CPU
		{273A55ED-E44D-457F-A538-9ED7A4339C13}.Debug|Any CPU.Build.0 = Debug|Any CPU
		{273A55ED-E44D-457F-A538-9ED7A4339C13}.Release|Any CPU.ActiveCfg = Release|Any CPU
		{273A55ED-E44D-457F-A538-9ED7A4339C13}.Release|Any CPU.Build.0 = Release|Any CPU
		{C5CBB6D0-3BAD-4F16-9C0F-F5D880A1EF15}.Debug|Any CPU.ActiveCfg = Debug|Any CPU
		{C5CBB6D0-3BAD-4F16-9C0F-F5D880A1EF15}.Debug|Any CPU.Build.0 = Debug|Any CPU
		{C5CBB6D0-3BAD-4F16-9C0F-F5D880A1EF15}.Release|Any CPU.ActiveCfg = Release|Any CPU
		{C5CBB6D0-3BAD-4F16-9C0F-F5D880A1EF15}.Release|Any CPU.Build.0 = Release|Any CPU
	EndGlobalSection
	GlobalSection(SolutionProperties) = preSolution
		HideSolutionNode = FALSE
	EndGlobalSection
	GlobalSection(ExtensibilityGlobals) = postSolution
		SolutionGuid = {76D807C1-B2CF-45F8-8D02-CA258C020FEE}
	EndGlobalSection
EndGlobal
